
Microsoft Visual Studio Solution File, Format Version 11.00
# Visual Studio 2010
Project("{8BC9CEB8-8B4A-11D0-8D11-00A0C91BC942}") = "ccapi_research", "ccapi_research\ccapi_research.vcxproj", "{3936BA7F-6448-4CE6-885C-9AF764BCA3C0}"
EndProject
Global
	GlobalSection(SolutionConfigurationPlatforms) = preSolution
		Debug|PS3 = Debug|PS3
		Release|PS3 = Release|PS3
	EndGlobalSection
	GlobalSection(ProjectConfigurationPlatforms) = postSolution
		{3936BA7F-6448-4CE6-885C-9AF764BCA3C0}.Debug|PS3.ActiveCfg = Debug|PS3
		{3936BA7F-6448-4CE6-885C-9AF764BCA3C0}.Debug|PS3.Build.0 = Debug|PS3
		{3936BA7F-6448-4CE6-885C-9AF764BCA3C0}.Release|PS3.ActiveCfg = Release|PS3
		{3936BA7F-6448-4CE6-885C-9AF764BCA3C0}.Release|PS3.Build.0 = Release|PS3
	EndGlobalSection
	GlobalSection(SolutionProperties) = preSolution
		HideSolutionNode = FALSE
	EndGlobalSection
EndGlobal
